
Microsoft Visual Studio Solution File, Format Version 12.00
# Visual Studio Version 16
VisualStudioVersion = 16.0.29209.62
MinimumVisualStudioVersion = 10.0.40219.1
Project("{FAE04EC0-301F-11D3-BF4B-00C04F79EFBC}") = "WpfDisplay", "WpfDisplay\WpfDisplay.csproj", "{E3868263-9CD0-4E95-B849-D11190467701}"
EndProject
Project("{FAE04EC0-301F-11D3-BF4B-00C04F79EFBC}") = "Simul", "Simul\Simul.csproj", "{918D7402-9BB4-4A44-8CE5-7FA2A0F075D4}"
EndProject
Project("{2150E333-8FDC-42A3-9474-1A3956D46DE8}") = "ZADANIA", "ZADANIA", "{8EA8D831-A4E2-46E6-9D34-E476A740CAC1}"
	ProjectSection(SolutionItems) = preProject
		ZADANIA-ConsoleTasks.txt = ZADANIA-ConsoleTasks.txt
		ZADANIA.txt = ZADANIA.txt
	EndProjectSection
EndProject
Project("{FAE04EC0-301F-11D3-BF4B-00C04F79EFBC}") = "Reloaded", "Reloaded\Reloaded.csproj", "{8DB63792-3778-4ADE-8580-5F891FC9E82A}"
EndProject
Project("{FAE04EC0-301F-11D3-BF4B-00C04F79EFBC}") = "WpfExample", "WpfExample\WpfExample.csproj", "{0F0BAE71-2C94-4EBC-ABBF-BED39CB4D6D2}"
EndProject
Project("{FAE04EC0-301F-11D3-BF4B-00C04F79EFBC}") = "WpfPatatajnia", "WpfPatatajnia\WpfPatatajnia.csproj", "{7F4B7FA2-7E65-42D0-A579-1A69ACDA6CC2}"
EndProject
Project("{9A19103F-16F7-4668-BE54-9A1E7A4F7556}") = "ConsoleTasks", "ConsoleTasks\ConsoleTasks.csproj", "{0715D913-4221-4D52-9529-DBA2CF4D1C01}"
EndProject
Project("{FAE04EC0-301F-11D3-BF4B-00C04F79EFBC}") = "PiotrPlayground", "PiotrPlayground\PiotrPlayground.csproj", "{BACD841E-C670-4AA5-997B-7567748600AE}"
EndProject
Global
	GlobalSection(SolutionConfigurationPlatforms) = preSolution
		Debug|Any CPU = Debug|Any CPU
		Release|Any CPU = Release|Any CPU
	EndGlobalSection
	GlobalSection(ProjectConfigurationPlatforms) = postSolution
		{E3868263-9CD0-4E95-B849-D11190467701}.Debug|Any CPU.ActiveCfg = Debug|Any CPU
		{E3868263-9CD0-4E95-B849-D11190467701}.Debug|Any CPU.Build.0 = Debug|Any CPU
		{E3868263-9CD0-4E95-B849-D11190467701}.Release|Any CPU.ActiveCfg = Release|Any CPU
		{E3868263-9CD0-4E95-B849-D11190467701}.Release|Any CPU.Build.0 = Release|Any CPU
		{918D7402-9BB4-4A44-8CE5-7FA2A0F075D4}.Debug|Any CPU.ActiveCfg = Debug|Any CPU
		{918D7402-9BB4-4A44-8CE5-7FA2A0F075D4}.Debug|Any CPU.Build.0 = Debug|Any CPU
		{918D7402-9BB4-4A44-8CE5-7FA2A0F075D4}.Release|Any CPU.ActiveCfg = Release|Any CPU
		{918D7402-9BB4-4A44-8CE5-7FA2A0F075D4}.Release|Any CPU.Build.0 = Release|Any CPU
		{8DB63792-3778-4ADE-8580-5F891FC9E82A}.Debug|Any CPU.ActiveCfg = Debug|Any CPU
		{8DB63792-3778-4ADE-8580-5F891FC9E82A}.Debug|Any CPU.Build.0 = Debug|Any CPU
		{8DB63792-3778-4ADE-8580-5F891FC9E82A}.Release|Any CPU.ActiveCfg = Release|Any CPU
		{8DB63792-3778-4ADE-8580-5F891FC9E82A}.Release|Any CPU.Build.0 = Release|Any CPU
		{0F0BAE71-2C94-4EBC-ABBF-BED39CB4D6D2}.Debug|Any CPU.ActiveCfg = Debug|Any CPU
		{0F0BAE71-2C94-4EBC-ABBF-BED39CB4D6D2}.Debug|Any CPU.Build.0 = Debug|Any CPU
		{0F0BAE71-2C94-4EBC-ABBF-BED39CB4D6D2}.Release|Any CPU.ActiveCfg = Release|Any CPU
		{0F0BAE71-2C94-4EBC-ABBF-BED39CB4D6D2}.Release|Any CPU.Build.0 = Release|Any CPU
		{7F4B7FA2-7E65-42D0-A579-1A69ACDA6CC2}.Debug|Any CPU.ActiveCfg = Debug|Any CPU
		{7F4B7FA2-7E65-42D0-A579-1A69ACDA6CC2}.Debug|Any CPU.Build.0 = Debug|Any CPU
		{7F4B7FA2-7E65-42D0-A579-1A69ACDA6CC2}.Release|Any CPU.ActiveCfg = Release|Any CPU
		{7F4B7FA2-7E65-42D0-A579-1A69ACDA6CC2}.Release|Any CPU.Build.0 = Release|Any CPU
		{0715D913-4221-4D52-9529-DBA2CF4D1C01}.Debug|Any CPU.ActiveCfg = Debug|Any CPU
		{0715D913-4221-4D52-9529-DBA2CF4D1C01}.Debug|Any CPU.Build.0 = Debug|Any CPU
		{0715D913-4221-4D52-9529-DBA2CF4D1C01}.Release|Any CPU.ActiveCfg = Release|Any CPU
		{0715D913-4221-4D52-9529-DBA2CF4D1C01}.Release|Any CPU.Build.0 = Release|Any CPU
		{BACD841E-C670-4AA5-997B-7567748600AE}.Debug|Any CPU.ActiveCfg = Debug|Any CPU
		{BACD841E-C670-4AA5-997B-7567748600AE}.Debug|Any CPU.Build.0 = Debug|Any CPU
		{BACD841E-C670-4AA5-997B-7567748600AE}.Release|Any CPU.ActiveCfg = Release|Any CPU
		{BACD841E-C670-4AA5-997B-7567748600AE}.Release|Any CPU.Build.0 = Release|Any CPU
	EndGlobalSection
	GlobalSection(SolutionProperties) = preSolution
		HideSolutionNode = FALSE
	EndGlobalSection
	GlobalSection(ExtensibilityGlobals) = postSolution
		SolutionGuid = {2CF3261E-049A-455B-9AEF-51D25A538ACD}
	EndGlobalSection
EndGlobal
